
Microsoft Visual Studio Solution File, Format Version 12.00
# Visual Studio Version 17
VisualStudioVersion = 17.3.32825.248
MinimumVisualStudioVersion = 10.0.40219.1
Project("{FAE04EC0-301F-11D3-BF4B-00C04F79EFBC}") = "Client", "Client\Client.csproj", "{2BB17280-6854-461B-B476-C920577CCA21}"
	ProjectSection(ProjectDependencies) = postProject
		{57E14939-E9FE-4C73-BACB-C66F535888E8} = {57E14939-E9FE-4C73-BACB-C66F535888E8}
	EndProjectSection
EndProject
Project("{9A19103F-16F7-4668-BE54-9A1E7A4F7556}") = "Server", "Server\Server.csproj", "{57E14939-E9FE-4C73-BACB-C66F535888E8}"
EndProject
Project("{FAE04EC0-301F-11D3-BF4B-00C04F79EFBC}") = "ServerTest", "ServerTest\ServerTest.csproj", "{09D2D96A-51D8-42A6-B7F4-5F21FF4AB5EA}"
EndProject
Global
	GlobalSection(SolutionConfigurationPlatforms) = preSolution
		Debug|Any CPU = Debug|Any CPU
		Release|Any CPU = Release|Any CPU
	EndGlobalSection
	GlobalSection(ProjectConfigurationPlatforms) = postSolution
		{2BB17280-6854-461B-B476-C920577CCA21}.Debug|Any CPU.ActiveCfg = Debug|Any CPU
		{2BB17280-6854-461B-B476-C920577CCA21}.Debug|Any CPU.Build.0 = Debug|Any CPU
		{2BB17280-6854-461B-B476-C920577CCA21}.Release|Any CPU.ActiveCfg = Release|Any CPU
		{2BB17280-6854-461B-B476-C920577CCA21}.Release|Any CPU.Build.0 = Release|Any CPU
		{57E14939-E9FE-4C73-BACB-C66F535888E8}.Debug|Any CPU.ActiveCfg = Debug|Any CPU
		{57E14939-E9FE-4C73-BACB-C66F535888E8}.Debug|Any CPU.Build.0 = Debug|Any CPU
		{57E14939-E9FE-4C73-BACB-C66F535888E8}.Release|Any CPU.ActiveCfg = Release|Any CPU
		{57E14939-E9FE-4C73-BACB-C66F535888E8}.Release|Any CPU.Build.0 = Release|Any CPU
		{09D2D96A-51D8-42A6-B7F4-5F21FF4AB5EA}.Debug|Any CPU.ActiveCfg = Debug|Any CPU
		{09D2D96A-51D8-42A6-B7F4-5F21FF4AB5EA}.Debug|Any CPU.Build.0 = Debug|Any CPU
		{09D2D96A-51D8-42A6-B7F4-5F21FF4AB5EA}.Release|Any CPU.ActiveCfg = Release|Any CPU
		{09D2D96A-51D8-42A6-B7F4-5F21FF4AB5EA}.Release|Any CPU.Build.0 = Release|Any CPU
	EndGlobalSection
	GlobalSection(SolutionProperties) = preSolution
		HideSolutionNode = FALSE
	EndGlobalSection
	GlobalSection(ExtensibilityGlobals) = postSolution
		SolutionGuid = {CB83A858-9202-4188-98C9-1BEF9CD9E0A5}
	EndGlobalSection
EndGlobal
